
Microsoft Visual Studio Solution File, Format Version 12.00
# Visual Studio Version 17
VisualStudioVersion = 17.14.36511.14 d17.14
MinimumVisualStudioVersion = 10.0.40219.1
Project("{2150E333-8FDC-42A3-9474-1A3956D46DE8}") = "Task0", "Task0", "{02EA681E-C7D8-13C7-8484-4AC65E1B71E8}"
EndProject
Project("{FAE04EC0-301F-11D3-BF4B-00C04F79EFBC}") = "Tyuiu.VikolAS.Sprint2.Task0.V11", "Tyuiu.VikolAS.Sprint2.Task0.V11\Tyuiu.VikolAS.Sprint2.Task0.V11.csproj", "{3F333BF4-933C-4CC7-82F7-542501482E25}"
EndProject
Project("{FAE04EC0-301F-11D3-BF4B-00C04F79EFBC}") = "Tyuiu.VikolAS.Sprint2.Task0.V11.Lib", "Tyuiu.VikolAS.Sprint2.Task0.V11.Lib\Tyuiu.VikolAS.Sprint2.Task0.V11.Lib.csproj", "{296E4AFF-968B-4197-A2F8-55271809EF31}"
EndProject
Project("{FAE04EC0-301F-11D3-BF4B-00C04F79EFBC}") = "Tyuiu.VikolAS.Sprint2.Task0.V11.Test", "Tyuiu.VikolAS.Sprint2.Task0.V11.Test\Tyuiu.VikolAS.Sprint2.Task0.V11.Test.csproj", "{EEEBD630-9756-4462-B451-A803CC02D2E3}"
EndProject
Global
	GlobalSection(SolutionConfigurationPlatforms) = preSolution
		Debug|Any CPU = Debug|Any CPU
		Release|Any CPU = Release|Any CPU
	EndGlobalSection
	GlobalSection(ProjectConfigurationPlatforms) = postSolution
		{3F333BF4-933C-4CC7-82F7-542501482E25}.Debug|Any CPU.ActiveCfg = Debug|Any CPU
		{3F333BF4-933C-4CC7-82F7-542501482E25}.Debug|Any CPU.Build.0 = Debug|Any CPU
		{3F333BF4-933C-4CC7-82F7-542501482E25}.Release|Any CPU.ActiveCfg = Release|Any CPU
		{3F333BF4-933C-4CC7-82F7-542501482E25}.Release|Any CPU.Build.0 = Release|Any CPU
		{296E4AFF-968B-4197-A2F8-55271809EF31}.Debug|Any CPU.ActiveCfg = Debug|Any CPU
		{296E4AFF-968B-4197-A2F8-55271809EF31}.Debug|Any CPU.Build.0 = Debug|Any CPU
		{296E4AFF-968B-4197-A2F8-55271809EF31}.Release|Any CPU.ActiveCfg = Release|Any CPU
		{296E4AFF-968B-4197-A2F8-55271809EF31}.Release|Any CPU.Build.0 = Release|Any CPU
		{EEEBD630-9756-4462-B451-A803CC02D2E3}.Debug|Any CPU.ActiveCfg = Debug|Any CPU
		{EEEBD630-9756-4462-B451-A803CC02D2E3}.Debug|Any CPU.Build.0 = Debug|Any CPU
		{EEEBD630-9756-4462-B451-A803CC02D2E3}.Release|Any CPU.ActiveCfg = Release|Any CPU
		{EEEBD630-9756-4462-B451-A803CC02D2E3}.Release|Any CPU.Build.0 = Release|Any CPU
	EndGlobalSection
	GlobalSection(SolutionProperties) = preSolution
		HideSolutionNode = FALSE
	EndGlobalSection
	GlobalSection(NestedProjects) = preSolution
		{3F333BF4-933C-4CC7-82F7-542501482E25} = {02EA681E-C7D8-13C7-8484-4AC65E1B71E8}
		{296E4AFF-968B-4197-A2F8-55271809EF31} = {02EA681E-C7D8-13C7-8484-4AC65E1B71E8}
		{EEEBD630-9756-4462-B451-A803CC02D2E3} = {02EA681E-C7D8-13C7-8484-4AC65E1B71E8}
	EndGlobalSection
	GlobalSection(ExtensibilityGlobals) = postSolution
		SolutionGuid = {5BD53EA0-49CE-4481-91E8-F00C1FFB9A1E}
	EndGlobalSection
EndGlobal
