
Microsoft Visual Studio Solution File, Format Version 12.00
# Visual Studio Version 17
VisualStudioVersion = 17.14.36511.14
MinimumVisualStudioVersion = 10.0.40219.1
Project("{2150E333-8FDC-42A3-9474-1A3956D46DE8}") = "Task0", "Task0", "{02EA681E-C7D8-13C7-8484-4AC65E1B71E8}"
EndProject
Project("{FAE04EC0-301F-11D3-BF4B-00C04F79EFBC}") = "Tyuiu.VikolAS.Sprint2.Task0.V11", "Tyuiu.VikolAS.Sprint2.Task0.V11\Tyuiu.VikolAS.Sprint2.Task0.V11.csproj", "{3F333BF4-933C-4CC7-82F7-542501482E25}"
EndProject
Project("{FAE04EC0-301F-11D3-BF4B-00C04F79EFBC}") = "Tyuiu.VikolAS.Sprint2.Task0.V11.Lib", "Tyuiu.VikolAS.Sprint2.Task0.V11.Lib\Tyuiu.VikolAS.Sprint2.Task0.V11.Lib.csproj", "{296E4AFF-968B-4197-A2F8-55271809EF31}"
EndProject
Project("{FAE04EC0-301F-11D3-BF4B-00C04F79EFBC}") = "Tyuiu.VikolAS.Sprint2.Task0.V11.Test", "Tyuiu.VikolAS.Sprint2.Task0.V11.Test\Tyuiu.VikolAS.Sprint2.Task0.V11.Test.csproj", "{EEEBD630-9756-4462-B451-A803CC02D2E3}"
EndProject
Project("{2150E333-8FDC-42A3-9474-1A3956D46DE8}") = "Task1", "Task1", "{44756C81-A8F9-49C9-B65B-F5FA0A270BB6}"
EndProject
Project("{FAE04EC0-301F-11D3-BF4B-00C04F79EFBC}") = "Tyuiu.VikolAS.Sprint2.Task1.V17", "Tyuiu.VikolAS.Sprint2.Task1.V17\Tyuiu.VikolAS.Sprint2.Task1.V17.csproj", "{F62D7C92-B04F-4287-9770-780DD7BD0180}"
EndProject
Project("{FAE04EC0-301F-11D3-BF4B-00C04F79EFBC}") = "Tyuiu.VikolAS.Sprint2.Task1.V17.Test", "Tyuiu.VikolAS.Sprint2.Task1.V17.Test\Tyuiu.VikolAS.Sprint2.Task1.V17.Test.csproj", "{72027739-7D83-4073-9F45-3D20E5E344E9}"
EndProject
Project("{FAE04EC0-301F-11D3-BF4B-00C04F79EFBC}") = "Tyuiu.VikolAS.Sprint2.Task1.V17.Lib", "Tyuiu.VikolAS.Sprint2.Task1.V17.Lib\Tyuiu.VikolAS.Sprint2.Task1.V17.Lib.csproj", "{44B86210-03F0-4A92-84E5-01C63C57AD14}"
EndProject
Project("{2150E333-8FDC-42A3-9474-1A3956D46DE8}") = "Task2", "Task2", "{17EECF53-0581-4CB5-A510-C2C8641B6885}"
EndProject
Project("{FAE04EC0-301F-11D3-BF4B-00C04F79EFBC}") = "Tyuiu.VikolAS.Sprint2.Task2.V19", "Tyuiu.VikolAS.Sprint2.Task2.V19\Tyuiu.VikolAS.Sprint2.Task2.V19.csproj", "{3C1D69D0-4F45-4439-8DEF-FC83D17492C8}"
EndProject
Project("{FAE04EC0-301F-11D3-BF4B-00C04F79EFBC}") = "Tyuiu.VikolAS.Sprint2.Task2.V19.Lib", "Tyuiu.VikolAS.Sprint2.Task2.V19.Lib\Tyuiu.VikolAS.Sprint2.Task2.V19.Lib.csproj", "{C2A8C7ED-71C3-4CCD-BF4E-5D51B62E07CE}"
EndProject
Project("{FAE04EC0-301F-11D3-BF4B-00C04F79EFBC}") = "Tyuiu.VikolAS.Sprint2.Task2.V19.Test", "Tyuiu.VikolAS.Sprint2.Task2.V19.Test\Tyuiu.VikolAS.Sprint2.Task2.V19.Test.csproj", "{4574170E-9BB9-4CEE-8457-4D0D637F25F3}"
EndProject
Project("{2150E333-8FDC-42A3-9474-1A3956D46DE8}") = "Task3", "Task3", "{00400FDE-682D-4596-A037-C47B4717AC00}"
EndProject
Project("{FAE04EC0-301F-11D3-BF4B-00C04F79EFBC}") = "Tyuiu.VikolAS.Sprint2.Task3.V29", "Tyuiu.VikolAS.Sprint2.Task3.V29\Tyuiu.VikolAS.Sprint2.Task3.V29.csproj", "{8AE09788-367D-45DA-92E6-18D357DCDAD4}"
EndProject
Project("{FAE04EC0-301F-11D3-BF4B-00C04F79EFBC}") = "Tyuiu.VikolAS.Sprint2.Task3.V29.Test", "Tyuiu.VikolAS.Sprint2.Task3.V29.Test\Tyuiu.VikolAS.Sprint2.Task3.V29.Test.csproj", "{29CF2BA6-8E44-49E3-8993-BA78EC441751}"
EndProject
Project("{FAE04EC0-301F-11D3-BF4B-00C04F79EFBC}") = "Tyuiu.VikolAS.Sprint2.Task3.V29.Lib", "Tyuiu.VikolAS.Sprint2.Task3.V29.Lib\Tyuiu.VikolAS.Sprint2.Task3.V29.Lib.csproj", "{73A78CA7-BBEF-428C-8BE4-D543DCC3B2AA}"
EndProject
Project("{2150E333-8FDC-42A3-9474-1A3956D46DE8}") = "Task4", "Task4", "{13D679C7-6A27-445F-B4F4-E5C9707C3A4A}"
EndProject
Project("{FAE04EC0-301F-11D3-BF4B-00C04F79EFBC}") = "Tyuiu.VikolAS.Sprint2.Task4.V14", "Tyuiu.VikolAS.Sprint2.Task4.V14\Tyuiu.VikolAS.Sprint2.Task4.V14.csproj", "{207D1B58-F6E6-4959-9440-022D013FF4DC}"
EndProject
Project("{FAE04EC0-301F-11D3-BF4B-00C04F79EFBC}") = "Tyuiu.VikolAS.Sprint2.Task4.V14.Lib", "Tyuiu.VikolAS.Sprint2.Task4.V14.Lib\Tyuiu.VikolAS.Sprint2.Task4.V14.Lib.csproj", "{A8ED34B7-9DE8-4C36-9877-E08DCEF41BDD}"
EndProject
Project("{FAE04EC0-301F-11D3-BF4B-00C04F79EFBC}") = "Tyuiu.VikolAS.Sprint2.Task4.V14.Test", "Tyuiu.VikolAS.Sprint2.Task4.V14.Test\Tyuiu.VikolAS.Sprint2.Task4.V14.Test.csproj", "{76981183-7629-46B9-9DC3-097B8C257728}"
EndProject
Project("{2150E333-8FDC-42A3-9474-1A3956D46DE8}") = "Task5", "Task5", "{EC70320C-C0B0-4D3F-9E5D-5AD66AF1B846}"
EndProject
Project("{FAE04EC0-301F-11D3-BF4B-00C04F79EFBC}") = "Tyuiu.VikolAS.Sprint2.Task5.V9", "Tyuiu.VikolAS.Sprint2.Task5.V9\Tyuiu.VikolAS.Sprint2.Task5.V9.csproj", "{962760E4-A011-4337-868E-9DB2767DA851}"
EndProject
Project("{FAE04EC0-301F-11D3-BF4B-00C04F79EFBC}") = "Tyuiu.VikolAS.Sprint2.Task5.V9.Test", "Tyuiu.VikolAS.Sprint2.Task5.V9.Test\Tyuiu.VikolAS.Sprint2.Task5.V9.Test.csproj", "{7E63F007-F158-4448-AE9F-E3749CED8138}"
EndProject
Project("{FAE04EC0-301F-11D3-BF4B-00C04F79EFBC}") = "Tyuiu.VikolAS.Sprint2.Task5.V9.Lib", "Tyuiu.VikolAS.Sprint2.Task5.V9.Lib\Tyuiu.VikolAS.Sprint2.Task5.V9.Lib.csproj", "{6820770E-16F2-4399-ACCD-6294F120988F}"
EndProject
Project("{2150E333-8FDC-42A3-9474-1A3956D46DE8}") = "Task6", "Task6", "{5D153F1E-630B-4294-96CE-CF2937A78D0C}"
EndProject
Project("{FAE04EC0-301F-11D3-BF4B-00C04F79EFBC}") = "Tyuiu.VikolAS.Sprint2.Task6.V8", "Tyuiu.VikolAS.Sprint2.Task6.V8\Tyuiu.VikolAS.Sprint2.Task6.V8.csproj", "{A617ADB7-43AE-4B45-B630-B7DFF81F8D5B}"
EndProject
Project("{FAE04EC0-301F-11D3-BF4B-00C04F79EFBC}") = "Tyuiu.VikolAS.Sprint2.Task6.V8.Lib", "Tyuiu.VikolAS.Sprint2.Task6.V8.Lib\Tyuiu.VikolAS.Sprint2.Task6.V8.Lib.csproj", "{42ACD38C-B2D8-4A0E-A50D-4D46203748AE}"
EndProject
Project("{FAE04EC0-301F-11D3-BF4B-00C04F79EFBC}") = "Tyuiu.VikolAS.Sprint2.Task6.V8.Test", "Tyuiu.VikolAS.Sprint2.Task6.V8.Test\Tyuiu.VikolAS.Sprint2.Task6.V8.Test.csproj", "{59503A74-62C7-460E-8439-EA0195D64720}"
EndProject
Global
	GlobalSection(SolutionConfigurationPlatforms) = preSolution
		Debug|Any CPU = Debug|Any CPU
		Release|Any CPU = Release|Any CPU
	EndGlobalSection
	GlobalSection(ProjectConfigurationPlatforms) = postSolution
		{3F333BF4-933C-4CC7-82F7-542501482E25}.Debug|Any CPU.ActiveCfg = Debug|Any CPU
		{3F333BF4-933C-4CC7-82F7-542501482E25}.Debug|Any CPU.Build.0 = Debug|Any CPU
		{3F333BF4-933C-4CC7-82F7-542501482E25}.Release|Any CPU.ActiveCfg = Release|Any CPU
		{3F333BF4-933C-4CC7-82F7-542501482E25}.Release|Any CPU.Build.0 = Release|Any CPU
		{296E4AFF-968B-4197-A2F8-55271809EF31}.Debug|Any CPU.ActiveCfg = Debug|Any CPU
		{296E4AFF-968B-4197-A2F8-55271809EF31}.Debug|Any CPU.Build.0 = Debug|Any CPU
		{296E4AFF-968B-4197-A2F8-55271809EF31}.Release|Any CPU.ActiveCfg = Release|Any CPU
		{296E4AFF-968B-4197-A2F8-55271809EF31}.Release|Any CPU.Build.0 = Release|Any CPU
		{EEEBD630-9756-4462-B451-A803CC02D2E3}.Debug|Any CPU.ActiveCfg = Debug|Any CPU
		{EEEBD630-9756-4462-B451-A803CC02D2E3}.Debug|Any CPU.Build.0 = Debug|Any CPU
		{EEEBD630-9756-4462-B451-A803CC02D2E3}.Release|Any CPU.ActiveCfg = Release|Any CPU
		{EEEBD630-9756-4462-B451-A803CC02D2E3}.Release|Any CPU.Build.0 = Release|Any CPU
		{F62D7C92-B04F-4287-9770-780DD7BD0180}.Debug|Any CPU.ActiveCfg = Debug|Any CPU
		{F62D7C92-B04F-4287-9770-780DD7BD0180}.Debug|Any CPU.Build.0 = Debug|Any CPU
		{F62D7C92-B04F-4287-9770-780DD7BD0180}.Release|Any CPU.ActiveCfg = Release|Any CPU
		{F62D7C92-B04F-4287-9770-780DD7BD0180}.Release|Any CPU.Build.0 = Release|Any CPU
		{72027739-7D83-4073-9F45-3D20E5E344E9}.Debug|Any CPU.ActiveCfg = Debug|Any CPU
		{72027739-7D83-4073-9F45-3D20E5E344E9}.Debug|Any CPU.Build.0 = Debug|Any CPU
		{72027739-7D83-4073-9F45-3D20E5E344E9}.Release|Any CPU.ActiveCfg = Release|Any CPU
		{72027739-7D83-4073-9F45-3D20E5E344E9}.Release|Any CPU.Build.0 = Release|Any CPU
		{44B86210-03F0-4A92-84E5-01C63C57AD14}.Debug|Any CPU.ActiveCfg = Debug|Any CPU
		{44B86210-03F0-4A92-84E5-01C63C57AD14}.Debug|Any CPU.Build.0 = Debug|Any CPU
		{44B86210-03F0-4A92-84E5-01C63C57AD14}.Release|Any CPU.ActiveCfg = Release|Any CPU
		{44B86210-03F0-4A92-84E5-01C63C57AD14}.Release|Any CPU.Build.0 = Release|Any CPU
		{3C1D69D0-4F45-4439-8DEF-FC83D17492C8}.Debug|Any CPU.ActiveCfg = Debug|Any CPU
		{3C1D69D0-4F45-4439-8DEF-FC83D17492C8}.Debug|Any CPU.Build.0 = Debug|Any CPU
		{3C1D69D0-4F45-4439-8DEF-FC83D17492C8}.Release|Any CPU.ActiveCfg = Release|Any CPU
		{3C1D69D0-4F45-4439-8DEF-FC83D17492C8}.Release|Any CPU.Build.0 = Release|Any CPU
		{C2A8C7ED-71C3-4CCD-BF4E-5D51B62E07CE}.Debug|Any CPU.ActiveCfg = Debug|Any CPU
		{C2A8C7ED-71C3-4CCD-BF4E-5D51B62E07CE}.Debug|Any CPU.Build.0 = Debug|Any CPU
		{C2A8C7ED-71C3-4CCD-BF4E-5D51B62E07CE}.Release|Any CPU.ActiveCfg = Release|Any CPU
		{C2A8C7ED-71C3-4CCD-BF4E-5D51B62E07CE}.Release|Any CPU.Build.0 = Release|Any CPU
		{4574170E-9BB9-4CEE-8457-4D0D637F25F3}.Debug|Any CPU.ActiveCfg = Debug|Any CPU
		{4574170E-9BB9-4CEE-8457-4D0D637F25F3}.Debug|Any CPU.Build.0 = Debug|Any CPU
		{4574170E-9BB9-4CEE-8457-4D0D637F25F3}.Release|Any CPU.ActiveCfg = Release|Any CPU
		{4574170E-9BB9-4CEE-8457-4D0D637F25F3}.Release|Any CPU.Build.0 = Release|Any CPU
		{8AE09788-367D-45DA-92E6-18D357DCDAD4}.Debug|Any CPU.ActiveCfg = Debug|Any CPU
		{8AE09788-367D-45DA-92E6-18D357DCDAD4}.Debug|Any CPU.Build.0 = Debug|Any CPU
		{8AE09788-367D-45DA-92E6-18D357DCDAD4}.Release|Any CPU.ActiveCfg = Release|Any CPU
		{8AE09788-367D-45DA-92E6-18D357DCDAD4}.Release|Any CPU.Build.0 = Release|Any CPU
		{29CF2BA6-8E44-49E3-8993-BA78EC441751}.Debug|Any CPU.ActiveCfg = Debug|Any CPU
		{29CF2BA6-8E44-49E3-8993-BA78EC441751}.Debug|Any CPU.Build.0 = Debug|Any CPU
		{29CF2BA6-8E44-49E3-8993-BA78EC441751}.Release|Any CPU.ActiveCfg = Release|Any CPU
		{29CF2BA6-8E44-49E3-8993-BA78EC441751}.Release|Any CPU.Build.0 = Release|Any CPU
		{73A78CA7-BBEF-428C-8BE4-D543DCC3B2AA}.Debug|Any CPU.ActiveCfg = Debug|Any CPU
		{73A78CA7-BBEF-428C-8BE4-D543DCC3B2AA}.Debug|Any CPU.Build.0 = Debug|Any CPU
		{73A78CA7-BBEF-428C-8BE4-D543DCC3B2AA}.Release|Any CPU.ActiveCfg = Release|Any CPU
		{73A78CA7-BBEF-428C-8BE4-D543DCC3B2AA}.Release|Any CPU.Build.0 = Release|Any CPU
		{207D1B58-F6E6-4959-9440-022D013FF4DC}.Debug|Any CPU.ActiveCfg = Debug|Any CPU
		{207D1B58-F6E6-4959-9440-022D013FF4DC}.Debug|Any CPU.Build.0 = Debug|Any CPU
		{207D1B58-F6E6-4959-9440-022D013FF4DC}.Release|Any CPU.ActiveCfg = Release|Any CPU
		{207D1B58-F6E6-4959-9440-022D013FF4DC}.Release|Any CPU.Build.0 = Release|Any CPU
		{A8ED34B7-9DE8-4C36-9877-E08DCEF41BDD}.Debug|Any CPU.ActiveCfg = Debug|Any CPU
		{A8ED34B7-9DE8-4C36-9877-E08DCEF41BDD}.Debug|Any CPU.Build.0 = Debug|Any CPU
		{A8ED34B7-9DE8-4C36-9877-E08DCEF41BDD}.Release|Any CPU.ActiveCfg = Release|Any CPU
		{A8ED34B7-9DE8-4C36-9877-E08DCEF41BDD}.Release|Any CPU.Build.0 = Release|Any CPU
		{76981183-7629-46B9-9DC3-097B8C257728}.Debug|Any CPU.ActiveCfg = Debug|Any CPU
		{76981183-7629-46B9-9DC3-097B8C257728}.Debug|Any CPU.Build.0 = Debug|Any CPU
		{76981183-7629-46B9-9DC3-097B8C257728}.Release|Any CPU.ActiveCfg = Release|Any CPU
		{76981183-7629-46B9-9DC3-097B8C257728}.Release|Any CPU.Build.0 = Release|Any CPU
		{962760E4-A011-4337-868E-9DB2767DA851}.Debug|Any CPU.ActiveCfg = Debug|Any CPU
		{962760E4-A011-4337-868E-9DB2767DA851}.Debug|Any CPU.Build.0 = Debug|Any CPU
		{962760E4-A011-4337-868E-9DB2767DA851}.Release|Any CPU.ActiveCfg = Release|Any CPU
		{962760E4-A011-4337-868E-9DB2767DA851}.Release|Any CPU.Build.0 = Release|Any CPU
		{7E63F007-F158-4448-AE9F-E3749CED8138}.Debug|Any CPU.ActiveCfg = Debug|Any CPU
		{7E63F007-F158-4448-AE9F-E3749CED8138}.Debug|Any CPU.Build.0 = Debug|Any CPU
		{7E63F007-F158-4448-AE9F-E3749CED8138}.Release|Any CPU.ActiveCfg = Release|Any CPU
		{7E63F007-F158-4448-AE9F-E3749CED8138}.Release|Any CPU.Build.0 = Release|Any CPU
		{6820770E-16F2-4399-ACCD-6294F120988F}.Debug|Any CPU.ActiveCfg = Debug|Any CPU
		{6820770E-16F2-4399-ACCD-6294F120988F}.Debug|Any CPU.Build.0 = Debug|Any CPU
		{6820770E-16F2-4399-ACCD-6294F120988F}.Release|Any CPU.ActiveCfg = Release|Any CPU
		{6820770E-16F2-4399-ACCD-6294F120988F}.Release|Any CPU.Build.0 = Release|Any CPU
		{A617ADB7-43AE-4B45-B630-B7DFF81F8D5B}.Debug|Any CPU.ActiveCfg = Debug|Any CPU
		{A617ADB7-43AE-4B45-B630-B7DFF81F8D5B}.Debug|Any CPU.Build.0 = Debug|Any CPU
		{A617ADB7-43AE-4B45-B630-B7DFF81F8D5B}.Release|Any CPU.ActiveCfg = Release|Any CPU
		{A617ADB7-43AE-4B45-B630-B7DFF81F8D5B}.Release|Any CPU.Build.0 = Release|Any CPU
		{42ACD38C-B2D8-4A0E-A50D-4D46203748AE}.Debug|Any CPU.ActiveCfg = Debug|Any CPU
		{42ACD38C-B2D8-4A0E-A50D-4D46203748AE}.Debug|Any CPU.Build.0 = Debug|Any CPU
		{42ACD38C-B2D8-4A0E-A50D-4D46203748AE}.Release|Any CPU.ActiveCfg = Release|Any CPU
		{42ACD38C-B2D8-4A0E-A50D-4D46203748AE}.Release|Any CPU.Build.0 = Release|Any CPU
		{59503A74-62C7-460E-8439-EA0195D64720}.Debug|Any CPU.ActiveCfg = Debug|Any CPU
		{59503A74-62C7-460E-8439-EA0195D64720}.Debug|Any CPU.Build.0 = Debug|Any CPU
		{59503A74-62C7-460E-8439-EA0195D64720}.Release|Any CPU.ActiveCfg = Release|Any CPU
		{59503A74-62C7-460E-8439-EA0195D64720}.Release|Any CPU.Build.0 = Release|Any CPU
	EndGlobalSection
	GlobalSection(SolutionProperties) = preSolution
		HideSolutionNode = FALSE
	EndGlobalSection
	GlobalSection(NestedProjects) = preSolution
		{3F333BF4-933C-4CC7-82F7-542501482E25} = {02EA681E-C7D8-13C7-8484-4AC65E1B71E8}
		{296E4AFF-968B-4197-A2F8-55271809EF31} = {02EA681E-C7D8-13C7-8484-4AC65E1B71E8}
		{EEEBD630-9756-4462-B451-A803CC02D2E3} = {02EA681E-C7D8-13C7-8484-4AC65E1B71E8}
		{F62D7C92-B04F-4287-9770-780DD7BD0180} = {44756C81-A8F9-49C9-B65B-F5FA0A270BB6}
		{72027739-7D83-4073-9F45-3D20E5E344E9} = {44756C81-A8F9-49C9-B65B-F5FA0A270BB6}
		{44B86210-03F0-4A92-84E5-01C63C57AD14} = {44756C81-A8F9-49C9-B65B-F5FA0A270BB6}
		{3C1D69D0-4F45-4439-8DEF-FC83D17492C8} = {17EECF53-0581-4CB5-A510-C2C8641B6885}
		{C2A8C7ED-71C3-4CCD-BF4E-5D51B62E07CE} = {17EECF53-0581-4CB5-A510-C2C8641B6885}
		{4574170E-9BB9-4CEE-8457-4D0D637F25F3} = {17EECF53-0581-4CB5-A510-C2C8641B6885}
		{8AE09788-367D-45DA-92E6-18D357DCDAD4} = {00400FDE-682D-4596-A037-C47B4717AC00}
		{29CF2BA6-8E44-49E3-8993-BA78EC441751} = {00400FDE-682D-4596-A037-C47B4717AC00}
		{73A78CA7-BBEF-428C-8BE4-D543DCC3B2AA} = {00400FDE-682D-4596-A037-C47B4717AC00}
		{207D1B58-F6E6-4959-9440-022D013FF4DC} = {13D679C7-6A27-445F-B4F4-E5C9707C3A4A}
		{A8ED34B7-9DE8-4C36-9877-E08DCEF41BDD} = {13D679C7-6A27-445F-B4F4-E5C9707C3A4A}
		{76981183-7629-46B9-9DC3-097B8C257728} = {13D679C7-6A27-445F-B4F4-E5C9707C3A4A}
		{962760E4-A011-4337-868E-9DB2767DA851} = {EC70320C-C0B0-4D3F-9E5D-5AD66AF1B846}
		{7E63F007-F158-4448-AE9F-E3749CED8138} = {EC70320C-C0B0-4D3F-9E5D-5AD66AF1B846}
		{6820770E-16F2-4399-ACCD-6294F120988F} = {EC70320C-C0B0-4D3F-9E5D-5AD66AF1B846}
		{A617ADB7-43AE-4B45-B630-B7DFF81F8D5B} = {5D153F1E-630B-4294-96CE-CF2937A78D0C}
		{42ACD38C-B2D8-4A0E-A50D-4D46203748AE} = {5D153F1E-630B-4294-96CE-CF2937A78D0C}
		{59503A74-62C7-460E-8439-EA0195D64720} = {5D153F1E-630B-4294-96CE-CF2937A78D0C}
	EndGlobalSection
	GlobalSection(ExtensibilityGlobals) = postSolution
		SolutionGuid = {5BD53EA0-49CE-4481-91E8-F00C1FFB9A1E}
	EndGlobalSection
EndGlobal
